# This file was autogenerated by Stack.
# You should not edit this file by hand.
# For more information, please see the documentation at:
#   https://docs.haskellstack.org/en/stable/lock_files

packages:
- completed:
    hackage: optparse-simple-0.1.1.4@sha256:833326c18a91f7d09e94167b39936835c772b40edf31ee6368da1ced7e1a2e8d,1851
    pantry-tree:
      sha256: 7c44a882637c994fc6358d98c26161857c64bcb0133f78e3869d8ebaae20f5b9
      size: 443
  original:
    hackage: optparse-simple-0.1.1.4
- completed:
    hackage: rio-0.1.22.0@sha256:95fc3725a638bb7d6e11be7a2cf8d601097ebc8cb992661b211a6e36ed1da726,3669
    pantry-tree:
      sha256: 02b0cdf9cf7901434c248c2e35a219ebc3c411d46729ba491d0e8fbd5042ced9
      size: 4802
  original:
    hackage: rio-0.1.22.0
- completed:
    hackage: githash-0.1.7.0@sha256:cb405aed03e1da9a5ea7601e4d7eea3739104a8a6e47ac4970e079d616326836,1527
    pantry-tree:
      sha256: f6ebb0c9c0344d6835e5804d17deb1a3627321b54ef7f646202cfa7b69c9cffd
      size: 617
  original:
    hackage: githash-0.1.7.0
- completed:
    hackage: hashable-1.4.4.0@sha256:ae22238274c572aa91e90c6c353e7206386708912ac5e6dc40ac61d1dcc553db,5216
    pantry-tree:
      sha256: cd91ec6f09475d2d0b2cf49565a488c21694be0d46bf29565f9258f5f41a3a84
      size: 1249
  original:
    hackage: hashable-1.4.4.0
- completed:
    hackage: microlens-0.4.13.1@sha256:fc256e2b5d78e8e4f39b3dd359c57b8c19df50853a86eaf8f154a17441a5a51d,4703
    pantry-tree:
      sha256: 802ee9b159f67dd635dc4c6996bbbae834e643fc8e4e52e29d72a5cf89419131
      size: 461
  original:
    hackage: microlens-0.4.13.1
- completed:
    hackage: microlens-mtl-0.2.0.3@sha256:92f6e76b1e0177a990496df2ab55972476a1f117d0a7b944f810bce6b4848377,2026
    pantry-tree:
      sha256: 13172745103a7fa3b5bcd995f6c8c6948a2ad75117819c3d9b78af8ca2fd3be1
      size: 344
  original:
    hackage: microlens-mtl-0.2.0.3
- completed:
    hackage: optparse-applicative-0.18.1.0@sha256:b4cf8d9018e5e67cb1f14edb5130b6d05ad8bc1b5f6bd4efaa6ec0b7f28f559d,5132
    pantry-tree:
      sha256: 32f52adc150eb146bf4d167ff0cb21fc1e3cd7ecc1b9e5e83b986a1cd1bc58cd
      size: 3124
  original:
    hackage: optparse-applicative-0.18.1.0
- completed:
    hackage: primitive-0.9.0.0@sha256:2e08c5409e3559c7f1669ef50e9a0d9a397e68ecf51110d5e2cedf05cdd7d93c,3171
    pantry-tree:
      sha256: a862f3979a8ed2ae047287de3c7376f749ee97d5a27c9c55a4c6d94ffb7d1601
      size: 1793
  original:
    hackage: primitive-0.9.0.0
- completed:
    hackage: th-compat-0.1.5@sha256:129a59ba3ccfcd06192fd6da899e2711ae276a466915a047bd6727e4a0321d2e,3330
    pantry-tree:
      sha256: 41dc55d953469b8d7130249e97909980a0b0f92bd77b9bb930a99c5721d50a1c
      size: 530
  original:
    hackage: th-compat-0.1.5
- completed:
    hackage: typed-process-0.2.11.1@sha256:79e8555666f27a3e4e67fedf430000631d95c937147190b3f10817daca1874b0,2198
    pantry-tree:
      sha256: af2cf78e8f13ff036625a1d31e30d2b8f33f1c58f740adfe2d18275f6aac15e3
      size: 531
  original:
    hackage: typed-process-0.2.11.1
- completed:
    hackage: unliftio-0.2.25.0@sha256:d015242554890370bcbc3a575019be691d0edc279736ef97d29412fb9d0c4349,3410
    pantry-tree:
      sha256: 08c62f256e740e1a78b175907c26cb06439a1b486ceb8021c5a2e4425ebb6c5b
      size: 2494
  original:
    hackage: unliftio-0.2.25.0
- completed:
    hackage: unliftio-core-0.2.1.0@sha256:28800633b20e0f7bfbdda1248c28022749aa0935aea10b1e3fc9c88cbebb06de,1004
    pantry-tree:
      sha256: ca046ab9d03eb5ae73f3414cbd9ae3ed61d3c59df88c944a7105832aff30431d
      size: 328
  original:
    hackage: unliftio-core-0.2.1.0
- completed:
    hackage: unordered-containers-0.2.20@sha256:5a3e730fb548640f2ec050ec7517af67deede21de51e32bbebf6b7b222e6d0f5,3921
    pantry-tree:
      sha256: e124d3e17a760412629d670dccc24221cbb19d24ff442157e62620269cff0faa
      size: 1647
  original:
    hackage: unordered-containers-0.2.20
- completed:
    hackage: vector-0.13.1.0@sha256:bc032ccfb51d775eb6f4082c5fc02f5416b0ea0d6644a60d87677a6937f2d70d,9015
    pantry-tree:
      sha256: 02345da767b4f6f83d724b8a73d15efe3d19ea37bcae97386eaab0dbacb89a30
      size: 4093
  original:
    hackage: vector-0.13.1.0
- completed:
    hackage: async-2.2.5@sha256:9d5d9e605f52958d099e13a8b8f30ee56cb137c9192996245e3c533adb682cf8,3280
    pantry-tree:
      sha256: 69bb0be6b21b8c73adb6345631cfdec5d6c22d3dff1041db9f5258dd04367d37
      size: 578
  original:
    hackage: async-2.2.5
- completed:
    hackage: os-string-2.0.3@sha256:4d4186bb8d711435765253c7dc076c44a1d52896300689507ba135706ab35866,3259
    pantry-tree:
      sha256: 03ad16c66fa3aba3e6080819d904529c6cb942ef2f99e7b42830fea8b918a7e9
      size: 2217
  original:
    hackage: os-string-2.0.3
- completed:
    hackage: prettyprinter-1.7.1@sha256:9c43c9d8c3cd9f445596e5a2379574bba87f935a4d1fa41b5407ee3cf4edc743,6987
    pantry-tree:
      sha256: cd6f393bf7cba603a1958a139915fc343efd5488e36fd7b3b5c6956c002d04fa
      size: 3460
  original:
    hackage: prettyprinter-1.7.1
- completed:
    hackage: prettyprinter-ansi-terminal-1.1.3@sha256:b00f727b964cf13adff7acf575a71fa7e405f5240aff50b07f10df76ab89f8d3,2574
    pantry-tree:
      sha256: b5d276267049502c72fdcd2f1d84c15b3598160d61de0482a2e5bb62c40bd4ea
      size: 820
  original:
    hackage: prettyprinter-ansi-terminal-1.1.3
- completed:
    hackage: safe-exceptions-0.1.7.4@sha256:8bb7261bd54bd58acfcb154be6a161fb6d0d31a1852aadc8e927d2ad2d7651d1,1412
    pantry-tree:
      sha256: fa4189feca3ca20f024087c209dfed9bbc8a9f799fb966bc3db9e24aef81dd09
      size: 511
  original:
    hackage: safe-exceptions-0.1.7.4
- completed:
    hackage: transformers-compat-0.7.2@sha256:044fb9955f63ee138fcebedfdcbe54afe741f2d5892a2d0bdf3a8052bd342643,5601
    pantry-tree:
      sha256: f49610c6a2faf82111e5d4222576f4afbcfa904bf56665232c5aa077dfc7578f
      size: 1724
  original:
    hackage: transformers-compat-0.7.2
- completed:
    hackage: vector-stream-0.1.0.1@sha256:16a69e2ed71d7b35e16860fac520f94fa4da120eb973d9f8fbf0aa3a703d4a9f,1583
    pantry-tree:
      sha256: 972e6a2098c0784a40a65f75aa811dee861afe519872f726c695749f588b8bde
      size: 325
  original:
    hackage: vector-stream-0.1.0.1
- completed:
    hackage: ansi-terminal-1.1.1@sha256:5b3e9228323416a1962d5948b18f9eff8569ad94a368e15f0e6104128783f572,2894
    pantry-tree:
      sha256: 44c1d57218bf034fb05dd4474c3f5bb0e54f4e1c47e3aa841eecc9dc58a865fb
      size: 1184
  original:
    hackage: ansi-terminal-1.1.1
- completed:
    hackage: ansi-terminal-types-1.1@sha256:135f6a381afa19d53d0a3fe40b6dd47e6666c538b09e4300fbb1438759df3248,1462
    pantry-tree:
      sha256: a0a28ef7a7d3a8e69c6bd45c7e6dddf24c17477714fc4135de3138a36e98b16a
      size: 291
  original:
    hackage: ansi-terminal-types-1.1
- completed:
    hackage: colour-2.3.6@sha256:ebdcbf15023958838a527e381ab3c3b1e99ed12d1b25efeb7feaa4ad8c37664a,2378
    pantry-tree:
      sha256: 03f8e22f364deb86098dbfbe0bf83c896437b2355f139abdac0402658fb6ac7e
      size: 1183
  original:
    hackage: colour-2.3.6
snapshots: []
